
Microsoft Visual Studio Solution File, Format Version 12.00
# Visual Studio 15
VisualStudioVersion = 15.0.27703.2042
MinimumVisualStudioVersion = 10.0.40219.1
Project("{9A19103F-16F7-4668-BE54-9A1E7A4F7556}") = "Rules", "Rules\Rules.csproj", "{488D73F8-4667-4616-8945-B04AF604DC02}"
EndProject
Project("{9A19103F-16F7-4668-BE54-9A1E7A4F7556}") = "Rules.Tests", "Rules.Tests\Rules.Tests.csproj", "{E5F1938E-52DC-4777-B26B-4788BFA1AD38}"
EndProject
Project("{9A19103F-16F7-4668-BE54-9A1E7A4F7556}") = "VstsService", "VstsService\VstsService.csproj", "{517B9A2F-E234-4BD5-9BA0-F58C08107A00}"
EndProject
Project("{9A19103F-16F7-4668-BE54-9A1E7A4F7556}") = "VstsService.Tests", "VstsService.Tests\VstsService.Tests.csproj", "{0333B6F3-C84F-4B67-B548-4AEAE81EBC27}"
EndProject
Project("{2150E333-8FDC-42A3-9474-1A3956D46DE8}") = "Solution Items", "Solution Items", "{7A5FE7D4-7C0D-4B8E-A71E-1656C64C31D2}"
	ProjectSection(SolutionItems) = preProject
		.gitignore = .gitignore
		azure-pipelines.yml = azure-pipelines.yml
		readme.md = readme.md
	EndProjectSection
EndProject
Project("{9A19103F-16F7-4668-BE54-9A1E7A4F7556}") = "ConsoleApp", "ConsoleApp\ConsoleApp.csproj", "{E516D1B5-4697-4052-B768-235538F560E9}"
EndProject
Project("{9A19103F-16F7-4668-BE54-9A1E7A4F7556}") = "Subscriptions.Console", "Subscriptions.Console\Subscriptions.Console.csproj", "{C916CE94-2C3E-4E1B-A4BB-D9723395FEE4}"
EndProject
Project("{FAE04EC0-301F-11D3-BF4B-00C04F79EFBC}") = "Subscriptions.Console.Tests", "Subscriptions.Console.Tests\Subscriptions.Console.Tests.csproj", "{62E1A5A3-8D9F-473E-B8B9-01F2B4076726}"
EndProject
Global
	GlobalSection(SolutionConfigurationPlatforms) = preSolution
		Debug|Any CPU = Debug|Any CPU
		Release|Any CPU = Release|Any CPU
	EndGlobalSection
	GlobalSection(ProjectConfigurationPlatforms) = postSolution
		{488D73F8-4667-4616-8945-B04AF604DC02}.Debug|Any CPU.ActiveCfg = Debug|Any CPU
		{488D73F8-4667-4616-8945-B04AF604DC02}.Debug|Any CPU.Build.0 = Debug|Any CPU
		{488D73F8-4667-4616-8945-B04AF604DC02}.Release|Any CPU.ActiveCfg = Release|Any CPU
		{488D73F8-4667-4616-8945-B04AF604DC02}.Release|Any CPU.Build.0 = Release|Any CPU
		{E5F1938E-52DC-4777-B26B-4788BFA1AD38}.Debug|Any CPU.ActiveCfg = Debug|Any CPU
		{E5F1938E-52DC-4777-B26B-4788BFA1AD38}.Debug|Any CPU.Build.0 = Debug|Any CPU
		{E5F1938E-52DC-4777-B26B-4788BFA1AD38}.Release|Any CPU.ActiveCfg = Release|Any CPU
		{E5F1938E-52DC-4777-B26B-4788BFA1AD38}.Release|Any CPU.Build.0 = Release|Any CPU
		{517B9A2F-E234-4BD5-9BA0-F58C08107A00}.Debug|Any CPU.ActiveCfg = Debug|Any CPU
		{517B9A2F-E234-4BD5-9BA0-F58C08107A00}.Debug|Any CPU.Build.0 = Debug|Any CPU
		{517B9A2F-E234-4BD5-9BA0-F58C08107A00}.Release|Any CPU.ActiveCfg = Release|Any CPU
		{517B9A2F-E234-4BD5-9BA0-F58C08107A00}.Release|Any CPU.Build.0 = Release|Any CPU
		{0333B6F3-C84F-4B67-B548-4AEAE81EBC27}.Debug|Any CPU.ActiveCfg = Debug|Any CPU
		{0333B6F3-C84F-4B67-B548-4AEAE81EBC27}.Debug|Any CPU.Build.0 = Debug|Any CPU
		{0333B6F3-C84F-4B67-B548-4AEAE81EBC27}.Release|Any CPU.ActiveCfg = Release|Any CPU
		{0333B6F3-C84F-4B67-B548-4AEAE81EBC27}.Release|Any CPU.Build.0 = Release|Any CPU
		{E516D1B5-4697-4052-B768-235538F560E9}.Debug|Any CPU.ActiveCfg = Debug|Any CPU
		{E516D1B5-4697-4052-B768-235538F560E9}.Debug|Any CPU.Build.0 = Debug|Any CPU
		{E516D1B5-4697-4052-B768-235538F560E9}.Release|Any CPU.ActiveCfg = Release|Any CPU
		{E516D1B5-4697-4052-B768-235538F560E9}.Release|Any CPU.Build.0 = Release|Any CPU
		{C916CE94-2C3E-4E1B-A4BB-D9723395FEE4}.Debug|Any CPU.ActiveCfg = Debug|Any CPU
		{C916CE94-2C3E-4E1B-A4BB-D9723395FEE4}.Debug|Any CPU.Build.0 = Debug|Any CPU
		{C916CE94-2C3E-4E1B-A4BB-D9723395FEE4}.Release|Any CPU.ActiveCfg = Release|Any CPU
		{C916CE94-2C3E-4E1B-A4BB-D9723395FEE4}.Release|Any CPU.Build.0 = Release|Any CPU
		{62E1A5A3-8D9F-473E-B8B9-01F2B4076726}.Debug|Any CPU.ActiveCfg = Debug|Any CPU
		{62E1A5A3-8D9F-473E-B8B9-01F2B4076726}.Debug|Any CPU.Build.0 = Debug|Any CPU
		{62E1A5A3-8D9F-473E-B8B9-01F2B4076726}.Release|Any CPU.ActiveCfg = Release|Any CPU
		{62E1A5A3-8D9F-473E-B8B9-01F2B4076726}.Release|Any CPU.Build.0 = Release|Any CPU
	EndGlobalSection
	GlobalSection(SolutionProperties) = preSolution
		HideSolutionNode = FALSE
	EndGlobalSection
	GlobalSection(ExtensibilityGlobals) = postSolution
		SolutionGuid = {EF606767-F2EF-4649-BC4B-87A27C3A5676}
	EndGlobalSection
EndGlobal
