
Microsoft Visual Studio Solution File, Format Version 12.00
# Visual Studio 15
VisualStudioVersion = 15.0.27703.2042
MinimumVisualStudioVersion = 10.0.40219.1
Project("{9A19103F-16F7-4668-BE54-9A1E7A4F7556}") = "Rules", "Rules\Rules.csproj", "{488D73F8-4667-4616-8945-B04AF604DC02}"
EndProject
Project("{9A19103F-16F7-4668-BE54-9A1E7A4F7556}") = "Rules.Tests", "Rules.Tests\Rules.Tests.csproj", "{E5F1938E-52DC-4777-B26B-4788BFA1AD38}"
EndProject
Project("{9A19103F-16F7-4668-BE54-9A1E7A4F7556}") = "VstsService", "VstsService\VstsService.csproj", "{517B9A2F-E234-4BD5-9BA0-F58C08107A00}"
EndProject
Project("{9A19103F-16F7-4668-BE54-9A1E7A4F7556}") = "VstsService.Tests", "VstsService.Tests\VstsService.Tests.csproj", "{0333B6F3-C84F-4B67-B548-4AEAE81EBC27}"
EndProject
Project("{2150E333-8FDC-42A3-9474-1A3956D46DE8}") = "Solution Items", "Solution Items", "{7A5FE7D4-7C0D-4B8E-A71E-1656C64C31D2}"
	ProjectSection(SolutionItems) = preProject
		.gitignore = .gitignore
		azure-pipelines.yml = azure-pipelines.yml
		readme.md = readme.md
	EndProjectSection
EndProject
Project("{9A19103F-16F7-4668-BE54-9A1E7A4F7556}") = "Subscriptions.Console", "Subscriptions.Console\Subscriptions.Console.csproj", "{C916CE94-2C3E-4E1B-A4BB-D9723395FEE4}"
EndProject
Project("{9A19103F-16F7-4668-BE54-9A1E7A4F7556}") = "Subscriptions.Console.Tests", "Subscriptions.Console.Tests\Subscriptions.Console.Tests.csproj", "{62E1A5A3-8D9F-473E-B8B9-01F2B4076726}"
EndProject
Project("{FAE04EC0-301F-11D3-BF4B-00C04F79EFBC}") = "LogAnalytics.Client", "LogAnalytics.Client\LogAnalytics.Client.csproj", "{0E94E151-EAC6-425E-9626-9A313CE408F1}"
EndProject
Project("{FAE04EC0-301F-11D3-BF4B-00C04F79EFBC}") = "LogAnalytics.Client.Tests", "LogAnalytics.Client.Tests\LogAnalytics.Client.Tests.csproj", "{ADA751CD-6B9C-41F2-BCCF-DF056268014B}"
EndProject
Project("{FAE04EC0-301F-11D3-BF4B-00C04F79EFBC}") = "HttpHelpers", "HttpHelpers\HttpHelpers.csproj", "{84075D54-EE34-44BD-ADB7-F897D90BBF3B}"
EndProject
Project("{FAE04EC0-301F-11D3-BF4B-00C04F79EFBC}") = "HttpHelpers.Tests", "HttpHelpers.Tests\HttpHelpers.Tests.csproj", "{3E5F7A09-7069-4072-97AC-99B0686C205A}"
EndProject
Project("{FAE04EC0-301F-11D3-BF4B-00C04F79EFBC}") = "DurableFunctionsAdministration.Client", "DurableFunctionsAdministration.Client\DurableFunctionsAdministration.Client.csproj", "{DFA61BF7-68E3-453B-8411-F854DD2257F2}"
EndProject
Project("{FAE04EC0-301F-11D3-BF4B-00C04F79EFBC}") = "DurableFunctionsAdministration.Client.Tests", "DurableFunctionsAdministration.Client.Tests\DurableFunctionsAdministration.Client.Tests.csproj", "{C686CAD9-02F1-44B1-BA0E-FA0F4EEA2827}"
EndProject
Global
	GlobalSection(SolutionConfigurationPlatforms) = preSolution
		Debug|Any CPU = Debug|Any CPU
		Release|Any CPU = Release|Any CPU
	EndGlobalSection
	GlobalSection(ProjectConfigurationPlatforms) = postSolution
		{488D73F8-4667-4616-8945-B04AF604DC02}.Debug|Any CPU.ActiveCfg = Debug|Any CPU
		{488D73F8-4667-4616-8945-B04AF604DC02}.Debug|Any CPU.Build.0 = Debug|Any CPU
		{488D73F8-4667-4616-8945-B04AF604DC02}.Release|Any CPU.ActiveCfg = Release|Any CPU
		{488D73F8-4667-4616-8945-B04AF604DC02}.Release|Any CPU.Build.0 = Release|Any CPU
		{E5F1938E-52DC-4777-B26B-4788BFA1AD38}.Debug|Any CPU.ActiveCfg = Debug|Any CPU
		{E5F1938E-52DC-4777-B26B-4788BFA1AD38}.Debug|Any CPU.Build.0 = Debug|Any CPU
		{E5F1938E-52DC-4777-B26B-4788BFA1AD38}.Release|Any CPU.ActiveCfg = Release|Any CPU
		{E5F1938E-52DC-4777-B26B-4788BFA1AD38}.Release|Any CPU.Build.0 = Release|Any CPU
		{517B9A2F-E234-4BD5-9BA0-F58C08107A00}.Debug|Any CPU.ActiveCfg = Debug|Any CPU
		{517B9A2F-E234-4BD5-9BA0-F58C08107A00}.Debug|Any CPU.Build.0 = Debug|Any CPU
		{517B9A2F-E234-4BD5-9BA0-F58C08107A00}.Release|Any CPU.ActiveCfg = Release|Any CPU
		{517B9A2F-E234-4BD5-9BA0-F58C08107A00}.Release|Any CPU.Build.0 = Release|Any CPU
		{0333B6F3-C84F-4B67-B548-4AEAE81EBC27}.Debug|Any CPU.ActiveCfg = Debug|Any CPU
		{0333B6F3-C84F-4B67-B548-4AEAE81EBC27}.Debug|Any CPU.Build.0 = Debug|Any CPU
		{0333B6F3-C84F-4B67-B548-4AEAE81EBC27}.Release|Any CPU.ActiveCfg = Release|Any CPU
		{0333B6F3-C84F-4B67-B548-4AEAE81EBC27}.Release|Any CPU.Build.0 = Release|Any CPU
		{C916CE94-2C3E-4E1B-A4BB-D9723395FEE4}.Debug|Any CPU.ActiveCfg = Debug|Any CPU
		{C916CE94-2C3E-4E1B-A4BB-D9723395FEE4}.Debug|Any CPU.Build.0 = Debug|Any CPU
		{C916CE94-2C3E-4E1B-A4BB-D9723395FEE4}.Release|Any CPU.ActiveCfg = Release|Any CPU
		{C916CE94-2C3E-4E1B-A4BB-D9723395FEE4}.Release|Any CPU.Build.0 = Release|Any CPU
		{62E1A5A3-8D9F-473E-B8B9-01F2B4076726}.Debug|Any CPU.ActiveCfg = Debug|Any CPU
		{62E1A5A3-8D9F-473E-B8B9-01F2B4076726}.Debug|Any CPU.Build.0 = Debug|Any CPU
		{62E1A5A3-8D9F-473E-B8B9-01F2B4076726}.Release|Any CPU.ActiveCfg = Release|Any CPU
		{62E1A5A3-8D9F-473E-B8B9-01F2B4076726}.Release|Any CPU.Build.0 = Release|Any CPU
		{0E94E151-EAC6-425E-9626-9A313CE408F1}.Debug|Any CPU.ActiveCfg = Debug|Any CPU
		{0E94E151-EAC6-425E-9626-9A313CE408F1}.Debug|Any CPU.Build.0 = Debug|Any CPU
		{0E94E151-EAC6-425E-9626-9A313CE408F1}.Release|Any CPU.ActiveCfg = Release|Any CPU
		{0E94E151-EAC6-425E-9626-9A313CE408F1}.Release|Any CPU.Build.0 = Release|Any CPU
		{ADA751CD-6B9C-41F2-BCCF-DF056268014B}.Debug|Any CPU.ActiveCfg = Debug|Any CPU
		{ADA751CD-6B9C-41F2-BCCF-DF056268014B}.Debug|Any CPU.Build.0 = Debug|Any CPU
		{ADA751CD-6B9C-41F2-BCCF-DF056268014B}.Release|Any CPU.ActiveCfg = Release|Any CPU
		{ADA751CD-6B9C-41F2-BCCF-DF056268014B}.Release|Any CPU.Build.0 = Release|Any CPU
		{84075D54-EE34-44BD-ADB7-F897D90BBF3B}.Debug|Any CPU.ActiveCfg = Debug|Any CPU
		{84075D54-EE34-44BD-ADB7-F897D90BBF3B}.Debug|Any CPU.Build.0 = Debug|Any CPU
		{84075D54-EE34-44BD-ADB7-F897D90BBF3B}.Release|Any CPU.ActiveCfg = Release|Any CPU
		{84075D54-EE34-44BD-ADB7-F897D90BBF3B}.Release|Any CPU.Build.0 = Release|Any CPU
		{3E5F7A09-7069-4072-97AC-99B0686C205A}.Debug|Any CPU.ActiveCfg = Debug|Any CPU
		{3E5F7A09-7069-4072-97AC-99B0686C205A}.Debug|Any CPU.Build.0 = Debug|Any CPU
		{3E5F7A09-7069-4072-97AC-99B0686C205A}.Release|Any CPU.ActiveCfg = Release|Any CPU
		{3E5F7A09-7069-4072-97AC-99B0686C205A}.Release|Any CPU.Build.0 = Release|Any CPU
		{DFA61BF7-68E3-453B-8411-F854DD2257F2}.Debug|Any CPU.ActiveCfg = Debug|Any CPU
		{DFA61BF7-68E3-453B-8411-F854DD2257F2}.Debug|Any CPU.Build.0 = Debug|Any CPU
		{DFA61BF7-68E3-453B-8411-F854DD2257F2}.Release|Any CPU.ActiveCfg = Release|Any CPU
		{DFA61BF7-68E3-453B-8411-F854DD2257F2}.Release|Any CPU.Build.0 = Release|Any CPU
		{C686CAD9-02F1-44B1-BA0E-FA0F4EEA2827}.Debug|Any CPU.ActiveCfg = Debug|Any CPU
		{C686CAD9-02F1-44B1-BA0E-FA0F4EEA2827}.Debug|Any CPU.Build.0 = Debug|Any CPU
		{C686CAD9-02F1-44B1-BA0E-FA0F4EEA2827}.Release|Any CPU.ActiveCfg = Release|Any CPU
		{C686CAD9-02F1-44B1-BA0E-FA0F4EEA2827}.Release|Any CPU.Build.0 = Release|Any CPU
	EndGlobalSection
	GlobalSection(SolutionProperties) = preSolution
		HideSolutionNode = FALSE
	EndGlobalSection
	GlobalSection(ExtensibilityGlobals) = postSolution
		SolutionGuid = {EF606767-F2EF-4649-BC4B-87A27C3A5676}
	EndGlobalSection
EndGlobal
