
Microsoft Visual Studio Solution File, Format Version 12.00
# Visual Studio 15
VisualStudioVersion = 15.0.26124.0
MinimumVisualStudioVersion = 15.0.26124.0
Project("{FAE04EC0-301F-11D3-BF4B-00C04F79EFBC}") = "Rules.tests", "Rules.Tests\Rules.Tests.csproj", "{E5F1938E-52DC-4777-B26B-4788BFA1AD38}"
EndProject
Project("{FAE04EC0-301F-11D3-BF4B-00C04F79EFBC}") = "Rules", "Rules\Rules.csproj", "{488D73F8-4667-4616-8945-B04AF604DC02}"
EndProject
Project("{FAE04EC0-301F-11D3-BF4B-00C04F79EFBC}") = "Vsts.tests", "Vsts.Tests\Vsts.Tests.csproj", "{9C635B25-407F-4DA4-B0D8-96D7BA6A529F}"
EndProject
Project("{FAE04EC0-301F-11D3-BF4B-00C04F79EFBC}") = "Vsts", "Vsts\Vsts.csproj", "{E5167CD5-367F-48FB-8CF3-A822FDCC5129}"
EndProject
Global
	GlobalSection(SolutionConfigurationPlatforms) = preSolution
		Debug|Any CPU = Debug|Any CPU
		Debug|x64 = Debug|x64
		Debug|x86 = Debug|x86
		Release|Any CPU = Release|Any CPU
		Release|x64 = Release|x64
		Release|x86 = Release|x86
	EndGlobalSection
	GlobalSection(SolutionProperties) = preSolution
		HideSolutionNode = FALSE
	EndGlobalSection
	GlobalSection(ProjectConfigurationPlatforms) = postSolution
		{E5F1938E-52DC-4777-B26B-4788BFA1AD38}.Debug|Any CPU.ActiveCfg = Debug|Any CPU
		{E5F1938E-52DC-4777-B26B-4788BFA1AD38}.Debug|Any CPU.Build.0 = Debug|Any CPU
		{E5F1938E-52DC-4777-B26B-4788BFA1AD38}.Debug|x64.ActiveCfg = Debug|Any CPU
		{E5F1938E-52DC-4777-B26B-4788BFA1AD38}.Debug|x64.Build.0 = Debug|Any CPU
		{E5F1938E-52DC-4777-B26B-4788BFA1AD38}.Debug|x86.ActiveCfg = Debug|Any CPU
		{E5F1938E-52DC-4777-B26B-4788BFA1AD38}.Debug|x86.Build.0 = Debug|Any CPU
		{E5F1938E-52DC-4777-B26B-4788BFA1AD38}.Release|Any CPU.ActiveCfg = Release|Any CPU
		{E5F1938E-52DC-4777-B26B-4788BFA1AD38}.Release|Any CPU.Build.0 = Release|Any CPU
		{E5F1938E-52DC-4777-B26B-4788BFA1AD38}.Release|x64.ActiveCfg = Release|Any CPU
		{E5F1938E-52DC-4777-B26B-4788BFA1AD38}.Release|x64.Build.0 = Release|Any CPU
		{E5F1938E-52DC-4777-B26B-4788BFA1AD38}.Release|x86.ActiveCfg = Release|Any CPU
		{E5F1938E-52DC-4777-B26B-4788BFA1AD38}.Release|x86.Build.0 = Release|Any CPU
		{488D73F8-4667-4616-8945-B04AF604DC02}.Debug|Any CPU.ActiveCfg = Debug|Any CPU
		{488D73F8-4667-4616-8945-B04AF604DC02}.Debug|Any CPU.Build.0 = Debug|Any CPU
		{488D73F8-4667-4616-8945-B04AF604DC02}.Debug|x64.ActiveCfg = Debug|Any CPU
		{488D73F8-4667-4616-8945-B04AF604DC02}.Debug|x64.Build.0 = Debug|Any CPU
		{488D73F8-4667-4616-8945-B04AF604DC02}.Debug|x86.ActiveCfg = Debug|Any CPU
		{488D73F8-4667-4616-8945-B04AF604DC02}.Debug|x86.Build.0 = Debug|Any CPU
		{488D73F8-4667-4616-8945-B04AF604DC02}.Release|Any CPU.ActiveCfg = Release|Any CPU
		{488D73F8-4667-4616-8945-B04AF604DC02}.Release|Any CPU.Build.0 = Release|Any CPU
		{488D73F8-4667-4616-8945-B04AF604DC02}.Release|x64.ActiveCfg = Release|Any CPU
		{488D73F8-4667-4616-8945-B04AF604DC02}.Release|x64.Build.0 = Release|Any CPU
		{488D73F8-4667-4616-8945-B04AF604DC02}.Release|x86.ActiveCfg = Release|Any CPU
		{488D73F8-4667-4616-8945-B04AF604DC02}.Release|x86.Build.0 = Release|Any CPU
		{9C635B25-407F-4DA4-B0D8-96D7BA6A529F}.Debug|Any CPU.ActiveCfg = Debug|Any CPU
		{9C635B25-407F-4DA4-B0D8-96D7BA6A529F}.Debug|Any CPU.Build.0 = Debug|Any CPU
		{9C635B25-407F-4DA4-B0D8-96D7BA6A529F}.Debug|x64.ActiveCfg = Debug|Any CPU
		{9C635B25-407F-4DA4-B0D8-96D7BA6A529F}.Debug|x64.Build.0 = Debug|Any CPU
		{9C635B25-407F-4DA4-B0D8-96D7BA6A529F}.Debug|x86.ActiveCfg = Debug|Any CPU
		{9C635B25-407F-4DA4-B0D8-96D7BA6A529F}.Debug|x86.Build.0 = Debug|Any CPU
		{9C635B25-407F-4DA4-B0D8-96D7BA6A529F}.Release|Any CPU.ActiveCfg = Release|Any CPU
		{9C635B25-407F-4DA4-B0D8-96D7BA6A529F}.Release|Any CPU.Build.0 = Release|Any CPU
		{9C635B25-407F-4DA4-B0D8-96D7BA6A529F}.Release|x64.ActiveCfg = Release|Any CPU
		{9C635B25-407F-4DA4-B0D8-96D7BA6A529F}.Release|x64.Build.0 = Release|Any CPU
		{9C635B25-407F-4DA4-B0D8-96D7BA6A529F}.Release|x86.ActiveCfg = Release|Any CPU
		{9C635B25-407F-4DA4-B0D8-96D7BA6A529F}.Release|x86.Build.0 = Release|Any CPU
		{E5167CD5-367F-48FB-8CF3-A822FDCC5129}.Debug|Any CPU.ActiveCfg = Debug|Any CPU
		{E5167CD5-367F-48FB-8CF3-A822FDCC5129}.Debug|Any CPU.Build.0 = Debug|Any CPU
		{E5167CD5-367F-48FB-8CF3-A822FDCC5129}.Debug|x64.ActiveCfg = Debug|Any CPU
		{E5167CD5-367F-48FB-8CF3-A822FDCC5129}.Debug|x64.Build.0 = Debug|Any CPU
		{E5167CD5-367F-48FB-8CF3-A822FDCC5129}.Debug|x86.ActiveCfg = Debug|Any CPU
		{E5167CD5-367F-48FB-8CF3-A822FDCC5129}.Debug|x86.Build.0 = Debug|Any CPU
		{E5167CD5-367F-48FB-8CF3-A822FDCC5129}.Release|Any CPU.ActiveCfg = Release|Any CPU
		{E5167CD5-367F-48FB-8CF3-A822FDCC5129}.Release|Any CPU.Build.0 = Release|Any CPU
		{E5167CD5-367F-48FB-8CF3-A822FDCC5129}.Release|x64.ActiveCfg = Release|Any CPU
		{E5167CD5-367F-48FB-8CF3-A822FDCC5129}.Release|x64.Build.0 = Release|Any CPU
		{E5167CD5-367F-48FB-8CF3-A822FDCC5129}.Release|x86.ActiveCfg = Release|Any CPU
		{E5167CD5-367F-48FB-8CF3-A822FDCC5129}.Release|x86.Build.0 = Release|Any CPU
	EndGlobalSection
EndGlobal
